
Microsoft Visual Studio Solution File, Format Version 12.00
# Visual Studio Version 17
VisualStudioVersion = 17.7.34018.315
MinimumVisualStudioVersion = 10.0.40219.1
Project("{9A19103F-16F7-4668-BE54-9A1E7A4F7556}") = "Fuxion.Console", "servers\aspcore\Fuxion.Console\Fuxion.Console.csproj", "{E293D318-6C49-4943-B528-57AA05E25DCF}"
EndProject
Project("{FAE04EC0-301F-11D3-BF4B-00C04F79EFBC}") = "Fuxion.Core", "servers\aspcore\Fuxion.Core\Fuxion.Core.csproj", "{73A5AA71-32C6-4712-9E65-5A36A6B97BA1}"
EndProject
Project("{9A19103F-16F7-4668-BE54-9A1E7A4F7556}") = "Fuxion.Server", "servers\aspcore\Fuxion.Server\Fuxion.Server.csproj", "{E3EE9D4F-27D1-4883-ADC0-1E8DEC509B74}"
EndProject
Global
	GlobalSection(SolutionConfigurationPlatforms) = preSolution
		Debug_Ubuntu|Any CPU = Debug_Ubuntu|Any CPU
		Debug|Any CPU = Debug|Any CPU
		Release_Ubuntu|Any CPU = Release_Ubuntu|Any CPU
		Release|Any CPU = Release|Any CPU
	EndGlobalSection
	GlobalSection(ProjectConfigurationPlatforms) = postSolution
		{E293D318-6C49-4943-B528-57AA05E25DCF}.Debug_Ubuntu|Any CPU.ActiveCfg = Debug|Any CPU
		{E293D318-6C49-4943-B528-57AA05E25DCF}.Debug_Ubuntu|Any CPU.Build.0 = Debug|Any CPU
		{E293D318-6C49-4943-B528-57AA05E25DCF}.Debug|Any CPU.ActiveCfg = Debug|Any CPU
		{E293D318-6C49-4943-B528-57AA05E25DCF}.Debug|Any CPU.Build.0 = Debug|Any CPU
		{E293D318-6C49-4943-B528-57AA05E25DCF}.Release_Ubuntu|Any CPU.ActiveCfg = Release|Any CPU
		{E293D318-6C49-4943-B528-57AA05E25DCF}.Release_Ubuntu|Any CPU.Build.0 = Release|Any CPU
		{E293D318-6C49-4943-B528-57AA05E25DCF}.Release|Any CPU.ActiveCfg = Release|Any CPU
		{E293D318-6C49-4943-B528-57AA05E25DCF}.Release|Any CPU.Build.0 = Release|Any CPU
		{73A5AA71-32C6-4712-9E65-5A36A6B97BA1}.Debug_Ubuntu|Any CPU.ActiveCfg = Debug_Ubuntu|Any CPU
		{73A5AA71-32C6-4712-9E65-5A36A6B97BA1}.Debug_Ubuntu|Any CPU.Build.0 = Debug_Ubuntu|Any CPU
		{73A5AA71-32C6-4712-9E65-5A36A6B97BA1}.Debug|Any CPU.ActiveCfg = Debug|Any CPU
		{73A5AA71-32C6-4712-9E65-5A36A6B97BA1}.Debug|Any CPU.Build.0 = Debug|Any CPU
		{73A5AA71-32C6-4712-9E65-5A36A6B97BA1}.Release_Ubuntu|Any CPU.ActiveCfg = Release_Ubuntu|Any CPU
		{73A5AA71-32C6-4712-9E65-5A36A6B97BA1}.Release_Ubuntu|Any CPU.Build.0 = Release_Ubuntu|Any CPU
		{73A5AA71-32C6-4712-9E65-5A36A6B97BA1}.Release|Any CPU.ActiveCfg = Release|Any CPU
		{73A5AA71-32C6-4712-9E65-5A36A6B97BA1}.Release|Any CPU.Build.0 = Release|Any CPU
		{E3EE9D4F-27D1-4883-ADC0-1E8DEC509B74}.Debug_Ubuntu|Any CPU.ActiveCfg = Debug|Any CPU
		{E3EE9D4F-27D1-4883-ADC0-1E8DEC509B74}.Debug_Ubuntu|Any CPU.Build.0 = Debug|Any CPU
		{E3EE9D4F-27D1-4883-ADC0-1E8DEC509B74}.Debug|Any CPU.ActiveCfg = Debug|Any CPU
		{E3EE9D4F-27D1-4883-ADC0-1E8DEC509B74}.Debug|Any CPU.Build.0 = Debug|Any CPU
		{E3EE9D4F-27D1-4883-ADC0-1E8DEC509B74}.Release_Ubuntu|Any CPU.ActiveCfg = Release|Any CPU
		{E3EE9D4F-27D1-4883-ADC0-1E8DEC509B74}.Release_Ubuntu|Any CPU.Build.0 = Release|Any CPU
		{E3EE9D4F-27D1-4883-ADC0-1E8DEC509B74}.Release|Any CPU.ActiveCfg = Release|Any CPU
		{E3EE9D4F-27D1-4883-ADC0-1E8DEC509B74}.Release|Any CPU.Build.0 = Release|Any CPU
	EndGlobalSection
	GlobalSection(SolutionProperties) = preSolution
		HideSolutionNode = FALSE
	EndGlobalSection
	GlobalSection(ExtensibilityGlobals) = postSolution
		SolutionGuid = {4E963A44-D966-4F77-A6C3-726C101004FD}
	EndGlobalSection
EndGlobal
