
Microsoft Visual Studio Solution File, Format Version 12.00
# Visual Studio Version 17
VisualStudioVersion = 17.6.33723.286
MinimumVisualStudioVersion = 10.0.40219.1
Project("{9A19103F-16F7-4668-BE54-9A1E7A4F7556}") = "Fuxion.Console", "Fuxion.Console\Fuxion.Console.csproj", "{31C16D62-32CE-4E08-8D50-1719A0A64358}"
EndProject
Project("{FAE04EC0-301F-11D3-BF4B-00C04F79EFBC}") = "Fuxion.Core", "Fuxion.Core\Fuxion.Core.csproj", "{73A5AA71-32C6-4712-9E65-5A36A6B97BA1}"
EndProject
Project("{FAE04EC0-301F-11D3-BF4B-00C04F79EFBC}") = "Fuxion.Test", "Fuxion.Test\Fuxion.Test.csproj", "{C648BA25-77E5-4A40-A97F-D0AA37B9FB26}"
EndProject
Global
	GlobalSection(SolutionConfigurationPlatforms) = preSolution
		Debug_Ubuntu|Any CPU = Debug_Ubuntu|Any CPU
		Debug|Any CPU = Debug|Any CPU
		Release_Ubuntu|Any CPU = Release_Ubuntu|Any CPU
		Release|Any CPU = Release|Any CPU
	EndGlobalSection
	GlobalSection(ProjectConfigurationPlatforms) = postSolution
		{31C16D62-32CE-4E08-8D50-1719A0A64358}.Debug_Ubuntu|Any CPU.ActiveCfg = Debug|Any CPU
		{31C16D62-32CE-4E08-8D50-1719A0A64358}.Debug_Ubuntu|Any CPU.Build.0 = Debug|Any CPU
		{31C16D62-32CE-4E08-8D50-1719A0A64358}.Debug|Any CPU.ActiveCfg = Debug|Any CPU
		{31C16D62-32CE-4E08-8D50-1719A0A64358}.Debug|Any CPU.Build.0 = Debug|Any CPU
		{31C16D62-32CE-4E08-8D50-1719A0A64358}.Release_Ubuntu|Any CPU.ActiveCfg = Release|Any CPU
		{31C16D62-32CE-4E08-8D50-1719A0A64358}.Release_Ubuntu|Any CPU.Build.0 = Release|Any CPU
		{31C16D62-32CE-4E08-8D50-1719A0A64358}.Release|Any CPU.ActiveCfg = Release|Any CPU
		{31C16D62-32CE-4E08-8D50-1719A0A64358}.Release|Any CPU.Build.0 = Release|Any CPU
		{73A5AA71-32C6-4712-9E65-5A36A6B97BA1}.Debug_Ubuntu|Any CPU.ActiveCfg = Debug_Ubuntu|Any CPU
		{73A5AA71-32C6-4712-9E65-5A36A6B97BA1}.Debug_Ubuntu|Any CPU.Build.0 = Debug_Ubuntu|Any CPU
		{73A5AA71-32C6-4712-9E65-5A36A6B97BA1}.Debug|Any CPU.ActiveCfg = Debug|Any CPU
		{73A5AA71-32C6-4712-9E65-5A36A6B97BA1}.Debug|Any CPU.Build.0 = Debug|Any CPU
		{73A5AA71-32C6-4712-9E65-5A36A6B97BA1}.Release_Ubuntu|Any CPU.ActiveCfg = Release_Ubuntu|Any CPU
		{73A5AA71-32C6-4712-9E65-5A36A6B97BA1}.Release_Ubuntu|Any CPU.Build.0 = Release_Ubuntu|Any CPU
		{73A5AA71-32C6-4712-9E65-5A36A6B97BA1}.Release|Any CPU.ActiveCfg = Release|Any CPU
		{73A5AA71-32C6-4712-9E65-5A36A6B97BA1}.Release|Any CPU.Build.0 = Release|Any CPU
	EndGlobalSection
	GlobalSection(SolutionProperties) = preSolution
		HideSolutionNode = FALSE
	EndGlobalSection
	GlobalSection(ExtensibilityGlobals) = postSolution
		SolutionGuid = {4B70CE78-C895-4EC3-BBB5-3926DE4AEEC6}
	EndGlobalSection
EndGlobal
